
Microsoft Visual Studio Solution File, Format Version 12.00
# Visual Studio Version 16
VisualStudioVersion = 16.0.31205.134
MinimumVisualStudioVersion = 10.0.40219.1
Project("{FAE04EC0-301F-11D3-BF4B-00C04F79EFBC}") = "FundRaiser", "FundRaiser\FundRaiser.csproj", "{60253896-6DEC-4668-A09F-6F332EBC2E8B}"
EndProject
Global
	GlobalSection(SolutionConfigurationPlatforms) = preSolution
		Debug|Any CPU = Debug|Any CPU
		Release|Any CPU = Release|Any CPU
	EndGlobalSection
	GlobalSection(ProjectConfigurationPlatforms) = postSolution
		{60253896-6DEC-4668-A09F-6F332EBC2E8B}.Debug|Any CPU.ActiveCfg = Debug|Any CPU
		{60253896-6DEC-4668-A09F-6F332EBC2E8B}.Debug|Any CPU.Build.0 = Debug|Any CPU
		{60253896-6DEC-4668-A09F-6F332EBC2E8B}.Release|Any CPU.ActiveCfg = Release|Any CPU
		{60253896-6DEC-4668-A09F-6F332EBC2E8B}.Release|Any CPU.Build.0 = Release|Any CPU
	EndGlobalSection
	GlobalSection(SolutionProperties) = preSolution
		HideSolutionNode = FALSE
	EndGlobalSection
	GlobalSection(ExtensibilityGlobals) = postSolution
		SolutionGuid = {8832C1E0-0D02-458E-86BA-83389A5D2F70}
	EndGlobalSection
EndGlobal
